
Microsoft Visual Studio Solution File, Format Version 12.00
# Visual Studio Version 16
VisualStudioVersion = 16.0.31019.35
MinimumVisualStudioVersion = 15.0.26124.0
Project("{9A19103F-16F7-4668-BE54-9A1E7A4F7556}") = "Application", "Application\Application.csproj", "{446371F0-21CB-42A1-8613-8C840E9BA4CE}"
EndProject
Project("{9A19103F-16F7-4668-BE54-9A1E7A4F7556}") = "Tests", "Tests\Tests.csproj", "{869B414C-CF50-4581-BB88-258372C319FB}"
EndProject
Global
	GlobalSection(SolutionConfigurationPlatforms) = preSolution
		Debug|Any CPU = Debug|Any CPU
		Release|Any CPU = Release|Any CPU
	EndGlobalSection
	GlobalSection(ProjectConfigurationPlatforms) = postSolution
		{446371F0-21CB-42A1-8613-8C840E9BA4CE}.Debug|Any CPU.ActiveCfg = Debug|Any CPU
		{446371F0-21CB-42A1-8613-8C840E9BA4CE}.Debug|Any CPU.Build.0 = Debug|Any CPU
		{446371F0-21CB-42A1-8613-8C840E9BA4CE}.Release|Any CPU.ActiveCfg = Release|Any CPU
		{446371F0-21CB-42A1-8613-8C840E9BA4CE}.Release|Any CPU.Build.0 = Release|Any CPU
		{869B414C-CF50-4581-BB88-258372C319FB}.Debug|Any CPU.ActiveCfg = Debug|Any CPU
		{869B414C-CF50-4581-BB88-258372C319FB}.Debug|Any CPU.Build.0 = Debug|Any CPU
		{869B414C-CF50-4581-BB88-258372C319FB}.Release|Any CPU.ActiveCfg = Release|Any CPU
		{869B414C-CF50-4581-BB88-258372C319FB}.Release|Any CPU.Build.0 = Release|Any CPU
	EndGlobalSection
	GlobalSection(SolutionProperties) = preSolution
		HideSolutionNode = FALSE
	EndGlobalSection
	GlobalSection(ExtensibilityGlobals) = postSolution
		SolutionGuid = {F8C9B4C6-525C-4B8A-B8F4-8446AAEC0786}
	EndGlobalSection
EndGlobal
